
Microsoft Visual Studio Solution File, Format Version 12.00
# Visual Studio Version 16
VisualStudioVersion = 16.0.31313.79
MinimumVisualStudioVersion = 10.0.40219.1
Project("{FAE04EC0-301F-11D3-BF4B-00C04F79EFBC}") = "DockerDemo", "DockerDemo\DockerDemo.csproj", "{1832B410-F9C9-4515-88A2-ED38740A6D9E}"
EndProject
Global
	GlobalSection(SolutionConfigurationPlatforms) = preSolution
		Debug|Any CPU = Debug|Any CPU
		Release|Any CPU = Release|Any CPU
	EndGlobalSection
	GlobalSection(ProjectConfigurationPlatforms) = postSolution
		{1832B410-F9C9-4515-88A2-ED38740A6D9E}.Debug|Any CPU.ActiveCfg = Debug|Any CPU
		{1832B410-F9C9-4515-88A2-ED38740A6D9E}.Debug|Any CPU.Build.0 = Debug|Any CPU
		{1832B410-F9C9-4515-88A2-ED38740A6D9E}.Release|Any CPU.ActiveCfg = Release|Any CPU
		{1832B410-F9C9-4515-88A2-ED38740A6D9E}.Release|Any CPU.Build.0 = Release|Any CPU
	EndGlobalSection
	GlobalSection(SolutionProperties) = preSolution
		HideSolutionNode = FALSE
	EndGlobalSection
	GlobalSection(ExtensibilityGlobals) = postSolution
		SolutionGuid = {0A7961CD-8C92-44AA-AF9B-BD2B8D2BF104}
	EndGlobalSection
EndGlobal
